
Microsoft Visual Studio Solution File, Format Version 12.00
Project("{FAE04EC0-301F-11D3-BF4B-00C04F79EFBC}") = "Build", "build\Build.csproj", "{715F719B-474C-4667-ADCF-6B2476183101}"
EndProject
Project("{FAE04EC0-301F-11D3-BF4B-00C04F79EFBC}") = "Installer", "install\Installer.csproj", "{65A696EC-4C1E-470C-BCBB-560C23A76D72}"
EndProject
Project("{FAE04EC0-301F-11D3-BF4B-00C04F79EFBC}") = "RevitAddinManager", "source\RevitAddinManager\RevitAddinManager.csproj", "{25A96DD9-393F-4AC8-BF75-3970F79A1235}"
EndProject
Project("{FAE04EC0-301F-11D3-BF4B-00C04F79EFBC}") = "Module1", "source\Module1\Module1.csproj", "{AEE6729D-E438-4EE8-9565-4E1D8870591A}"
EndProject
Project("{FAE04EC0-301F-11D3-BF4B-00C04F79EFBC}") = "Module2", "source\Module2\Module2.csproj", "{1F555669-A90A-4F2B-A1AE-DA4F590D09DB}"
EndProject
Project("{FAE04EC0-301F-11D3-BF4B-00C04F79EFBC}") = "Module3", "source\Module3\Module3.csproj", "{CBD6E823-3AF6-49BA-A71D-615281526560}"
EndProject
Project("{FAE04EC0-301F-11D3-BF4B-00C04F79EFBC}") = "RevitVNServices", "RevitVNServices\RevitVNServices\RevitVNServices.csproj", "{6B490D90-B989-4F89-90D8-57D269959F87}"
EndProject
Global
	GlobalSection(SolutionConfigurationPlatforms) = preSolution
		Release R20|Any CPU = Release R20|Any CPU
		Debug R21|Any CPU = Debug R21|Any CPU
		Debug R20|Any CPU = Debug R20|Any CPU
		Debug R22|Any CPU = Debug R22|Any CPU
		Debug R23|Any CPU = Debug R23|Any CPU
		Debug R24|Any CPU = Debug R24|Any CPU
		Debug R25|Any CPU = Debug R25|Any CPU
		Release R21|Any CPU = Release R21|Any CPU
		Release R22|Any CPU = Release R22|Any CPU
		Release R23|Any CPU = Release R23|Any CPU
		Release R24|Any CPU = Release R24|Any CPU
		Release R25|Any CPU = Release R25|Any CPU
		Installer|Any CPU = Installer|Any CPU
	EndGlobalSection
	GlobalSection(ProjectConfigurationPlatforms) = postSolution
		{715F719B-474C-4667-ADCF-6B2476183101}.Release R20|Any CPU.ActiveCfg = Release R20|Any CPU
		{715F719B-474C-4667-ADCF-6B2476183101}.Debug R21|Any CPU.ActiveCfg = Debug R21|Any CPU
		{715F719B-474C-4667-ADCF-6B2476183101}.Debug R20|Any CPU.ActiveCfg = Debug R20|Any CPU
		{715F719B-474C-4667-ADCF-6B2476183101}.Debug R22|Any CPU.ActiveCfg = Debug R22|Any CPU
		{715F719B-474C-4667-ADCF-6B2476183101}.Debug R23|Any CPU.ActiveCfg = Debug R23|Any CPU
		{715F719B-474C-4667-ADCF-6B2476183101}.Debug R24|Any CPU.ActiveCfg = Debug R24|Any CPU
		{715F719B-474C-4667-ADCF-6B2476183101}.Debug R25|Any CPU.ActiveCfg = Debug R25|Any CPU
		{715F719B-474C-4667-ADCF-6B2476183101}.Release R21|Any CPU.ActiveCfg = Release R21|Any CPU
		{715F719B-474C-4667-ADCF-6B2476183101}.Release R22|Any CPU.ActiveCfg = Release R22|Any CPU
		{715F719B-474C-4667-ADCF-6B2476183101}.Release R23|Any CPU.ActiveCfg = Release R23|Any CPU
		{715F719B-474C-4667-ADCF-6B2476183101}.Release R24|Any CPU.ActiveCfg = Release R24|Any CPU
		{715F719B-474C-4667-ADCF-6B2476183101}.Release R25|Any CPU.ActiveCfg = Release R25|Any CPU
		{715F719B-474C-4667-ADCF-6B2476183101}.Installer|Any CPU.ActiveCfg = Installer|Any CPU
		{65A696EC-4C1E-470C-BCBB-560C23A76D72}.Release R20|Any CPU.ActiveCfg = Release R20|Any CPU
		{65A696EC-4C1E-470C-BCBB-560C23A76D72}.Debug R21|Any CPU.ActiveCfg = Debug R21|Any CPU
		{65A696EC-4C1E-470C-BCBB-560C23A76D72}.Debug R20|Any CPU.ActiveCfg = Debug R20|Any CPU
		{65A696EC-4C1E-470C-BCBB-560C23A76D72}.Debug R22|Any CPU.ActiveCfg = Debug R22|Any CPU
		{65A696EC-4C1E-470C-BCBB-560C23A76D72}.Debug R23|Any CPU.ActiveCfg = Debug R23|Any CPU
		{65A696EC-4C1E-470C-BCBB-560C23A76D72}.Debug R24|Any CPU.ActiveCfg = Debug R24|Any CPU
		{65A696EC-4C1E-470C-BCBB-560C23A76D72}.Debug R25|Any CPU.ActiveCfg = Debug R25|Any CPU
		{65A696EC-4C1E-470C-BCBB-560C23A76D72}.Release R21|Any CPU.ActiveCfg = Release R21|Any CPU
		{65A696EC-4C1E-470C-BCBB-560C23A76D72}.Release R22|Any CPU.ActiveCfg = Release R22|Any CPU
		{65A696EC-4C1E-470C-BCBB-560C23A76D72}.Release R23|Any CPU.ActiveCfg = Release R23|Any CPU
		{65A696EC-4C1E-470C-BCBB-560C23A76D72}.Release R24|Any CPU.ActiveCfg = Release R24|Any CPU
		{65A696EC-4C1E-470C-BCBB-560C23A76D72}.Release R25|Any CPU.ActiveCfg = Release R25|Any CPU
		{65A696EC-4C1E-470C-BCBB-560C23A76D72}.Installer|Any CPU.ActiveCfg = Installer|Any CPU
		{65A696EC-4C1E-470C-BCBB-560C23A76D72}.Installer|Any CPU.Build.0 = Installer|Any CPU
		{25A96DD9-393F-4AC8-BF75-3970F79A1235}.Release R20|Any CPU.ActiveCfg = Release R20|Any CPU
		{25A96DD9-393F-4AC8-BF75-3970F79A1235}.Release R20|Any CPU.Build.0 = Release R20|Any CPU
		{25A96DD9-393F-4AC8-BF75-3970F79A1235}.Debug R21|Any CPU.ActiveCfg = Debug R21|Any CPU
		{25A96DD9-393F-4AC8-BF75-3970F79A1235}.Debug R21|Any CPU.Build.0 = Debug R21|Any CPU
		{25A96DD9-393F-4AC8-BF75-3970F79A1235}.Debug R20|Any CPU.ActiveCfg = Debug R20|Any CPU
		{25A96DD9-393F-4AC8-BF75-3970F79A1235}.Debug R20|Any CPU.Build.0 = Debug R20|Any CPU
		{25A96DD9-393F-4AC8-BF75-3970F79A1235}.Debug R22|Any CPU.ActiveCfg = Debug R22|Any CPU
		{25A96DD9-393F-4AC8-BF75-3970F79A1235}.Debug R22|Any CPU.Build.0 = Debug R22|Any CPU
		{25A96DD9-393F-4AC8-BF75-3970F79A1235}.Debug R23|Any CPU.ActiveCfg = Debug R23|Any CPU
		{25A96DD9-393F-4AC8-BF75-3970F79A1235}.Debug R23|Any CPU.Build.0 = Debug R23|Any CPU
		{25A96DD9-393F-4AC8-BF75-3970F79A1235}.Debug R24|Any CPU.ActiveCfg = Debug R24|Any CPU
		{25A96DD9-393F-4AC8-BF75-3970F79A1235}.Debug R24|Any CPU.Build.0 = Debug R24|Any CPU
		{25A96DD9-393F-4AC8-BF75-3970F79A1235}.Debug R25|Any CPU.ActiveCfg = Debug R25|Any CPU
		{25A96DD9-393F-4AC8-BF75-3970F79A1235}.Debug R25|Any CPU.Build.0 = Debug R25|Any CPU
		{25A96DD9-393F-4AC8-BF75-3970F79A1235}.Release R21|Any CPU.ActiveCfg = Release R21|Any CPU
		{25A96DD9-393F-4AC8-BF75-3970F79A1235}.Release R21|Any CPU.Build.0 = Release R21|Any CPU
		{25A96DD9-393F-4AC8-BF75-3970F79A1235}.Release R22|Any CPU.ActiveCfg = Release R22|Any CPU
		{25A96DD9-393F-4AC8-BF75-3970F79A1235}.Release R22|Any CPU.Build.0 = Release R22|Any CPU
		{25A96DD9-393F-4AC8-BF75-3970F79A1235}.Release R23|Any CPU.ActiveCfg = Release R23|Any CPU
		{25A96DD9-393F-4AC8-BF75-3970F79A1235}.Release R23|Any CPU.Build.0 = Release R23|Any CPU
		{25A96DD9-393F-4AC8-BF75-3970F79A1235}.Release R24|Any CPU.ActiveCfg = Release R24|Any CPU
		{25A96DD9-393F-4AC8-BF75-3970F79A1235}.Release R24|Any CPU.Build.0 = Release R24|Any CPU
		{25A96DD9-393F-4AC8-BF75-3970F79A1235}.Release R25|Any CPU.ActiveCfg = Release R25|Any CPU
		{25A96DD9-393F-4AC8-BF75-3970F79A1235}.Release R25|Any CPU.Build.0 = Release R25|Any CPU
		{25A96DD9-393F-4AC8-BF75-3970F79A1235}.Installer|Any CPU.ActiveCfg = Debug R20|Any CPU
		{25A96DD9-393F-4AC8-BF75-3970F79A1235}.Installer|Any CPU.Build.0 = Debug R20|Any CPU
		{AEE6729D-E438-4EE8-9565-4E1D8870591A}.Release R20|Any CPU.ActiveCfg = Release R20|Any CPU
		{AEE6729D-E438-4EE8-9565-4E1D8870591A}.Release R20|Any CPU.Build.0 = Release R20|Any CPU
		{AEE6729D-E438-4EE8-9565-4E1D8870591A}.Debug R21|Any CPU.ActiveCfg = Debug R21|Any CPU
		{AEE6729D-E438-4EE8-9565-4E1D8870591A}.Debug R21|Any CPU.Build.0 = Debug R21|Any CPU
		{AEE6729D-E438-4EE8-9565-4E1D8870591A}.Debug R20|Any CPU.ActiveCfg = Debug R20|Any CPU
		{AEE6729D-E438-4EE8-9565-4E1D8870591A}.Debug R20|Any CPU.Build.0 = Debug R20|Any CPU
		{AEE6729D-E438-4EE8-9565-4E1D8870591A}.Debug R22|Any CPU.ActiveCfg = Debug R22|Any CPU
		{AEE6729D-E438-4EE8-9565-4E1D8870591A}.Debug R22|Any CPU.Build.0 = Debug R22|Any CPU
		{AEE6729D-E438-4EE8-9565-4E1D8870591A}.Debug R23|Any CPU.ActiveCfg = Debug R23|Any CPU
		{AEE6729D-E438-4EE8-9565-4E1D8870591A}.Debug R23|Any CPU.Build.0 = Debug R23|Any CPU
		{AEE6729D-E438-4EE8-9565-4E1D8870591A}.Debug R24|Any CPU.ActiveCfg = Debug R24|Any CPU
		{AEE6729D-E438-4EE8-9565-4E1D8870591A}.Debug R24|Any CPU.Build.0 = Debug R24|Any CPU
		{AEE6729D-E438-4EE8-9565-4E1D8870591A}.Debug R25|Any CPU.ActiveCfg = Debug R25|Any CPU
		{AEE6729D-E438-4EE8-9565-4E1D8870591A}.Debug R25|Any CPU.Build.0 = Debug R25|Any CPU
		{AEE6729D-E438-4EE8-9565-4E1D8870591A}.Release R21|Any CPU.ActiveCfg = Release R21|Any CPU
		{AEE6729D-E438-4EE8-9565-4E1D8870591A}.Release R21|Any CPU.Build.0 = Release R21|Any CPU
		{AEE6729D-E438-4EE8-9565-4E1D8870591A}.Release R22|Any CPU.ActiveCfg = Release R22|Any CPU
		{AEE6729D-E438-4EE8-9565-4E1D8870591A}.Release R22|Any CPU.Build.0 = Release R22|Any CPU
		{AEE6729D-E438-4EE8-9565-4E1D8870591A}.Release R23|Any CPU.ActiveCfg = Release R23|Any CPU
		{AEE6729D-E438-4EE8-9565-4E1D8870591A}.Release R23|Any CPU.Build.0 = Release R23|Any CPU
		{AEE6729D-E438-4EE8-9565-4E1D8870591A}.Release R24|Any CPU.ActiveCfg = Release R24|Any CPU
		{AEE6729D-E438-4EE8-9565-4E1D8870591A}.Release R24|Any CPU.Build.0 = Release R24|Any CPU
		{AEE6729D-E438-4EE8-9565-4E1D8870591A}.Release R25|Any CPU.ActiveCfg = Release R25|Any CPU
		{AEE6729D-E438-4EE8-9565-4E1D8870591A}.Release R25|Any CPU.Build.0 = Release R25|Any CPU
		{AEE6729D-E438-4EE8-9565-4E1D8870591A}.Installer|Any CPU.ActiveCfg = Debug R20|Any CPU
		{AEE6729D-E438-4EE8-9565-4E1D8870591A}.Installer|Any CPU.Build.0 = Debug R20|Any CPU
		{1F555669-A90A-4F2B-A1AE-DA4F590D09DB}.Release R20|Any CPU.ActiveCfg = Release R20|Any CPU
		{1F555669-A90A-4F2B-A1AE-DA4F590D09DB}.Release R20|Any CPU.Build.0 = Release R20|Any CPU
		{1F555669-A90A-4F2B-A1AE-DA4F590D09DB}.Debug R21|Any CPU.ActiveCfg = Debug R21|Any CPU
		{1F555669-A90A-4F2B-A1AE-DA4F590D09DB}.Debug R21|Any CPU.Build.0 = Debug R21|Any CPU
		{1F555669-A90A-4F2B-A1AE-DA4F590D09DB}.Debug R20|Any CPU.ActiveCfg = Debug R20|Any CPU
		{1F555669-A90A-4F2B-A1AE-DA4F590D09DB}.Debug R20|Any CPU.Build.0 = Debug R20|Any CPU
		{1F555669-A90A-4F2B-A1AE-DA4F590D09DB}.Debug R22|Any CPU.ActiveCfg = Debug R22|Any CPU
		{1F555669-A90A-4F2B-A1AE-DA4F590D09DB}.Debug R22|Any CPU.Build.0 = Debug R22|Any CPU
		{1F555669-A90A-4F2B-A1AE-DA4F590D09DB}.Debug R23|Any CPU.ActiveCfg = Debug R23|Any CPU
		{1F555669-A90A-4F2B-A1AE-DA4F590D09DB}.Debug R23|Any CPU.Build.0 = Debug R23|Any CPU
		{1F555669-A90A-4F2B-A1AE-DA4F590D09DB}.Debug R24|Any CPU.ActiveCfg = Debug R24|Any CPU
		{1F555669-A90A-4F2B-A1AE-DA4F590D09DB}.Debug R24|Any CPU.Build.0 = Debug R24|Any CPU
		{1F555669-A90A-4F2B-A1AE-DA4F590D09DB}.Debug R25|Any CPU.ActiveCfg = Debug R25|Any CPU
		{1F555669-A90A-4F2B-A1AE-DA4F590D09DB}.Debug R25|Any CPU.Build.0 = Debug R25|Any CPU
		{1F555669-A90A-4F2B-A1AE-DA4F590D09DB}.Release R21|Any CPU.ActiveCfg = Release R21|Any CPU
		{1F555669-A90A-4F2B-A1AE-DA4F590D09DB}.Release R21|Any CPU.Build.0 = Release R21|Any CPU
		{1F555669-A90A-4F2B-A1AE-DA4F590D09DB}.Release R22|Any CPU.ActiveCfg = Release R22|Any CPU
		{1F555669-A90A-4F2B-A1AE-DA4F590D09DB}.Release R22|Any CPU.Build.0 = Release R22|Any CPU
		{1F555669-A90A-4F2B-A1AE-DA4F590D09DB}.Release R23|Any CPU.ActiveCfg = Release R23|Any CPU
		{1F555669-A90A-4F2B-A1AE-DA4F590D09DB}.Release R23|Any CPU.Build.0 = Release R23|Any CPU
		{1F555669-A90A-4F2B-A1AE-DA4F590D09DB}.Release R24|Any CPU.ActiveCfg = Release R24|Any CPU
		{1F555669-A90A-4F2B-A1AE-DA4F590D09DB}.Release R24|Any CPU.Build.0 = Release R24|Any CPU
		{1F555669-A90A-4F2B-A1AE-DA4F590D09DB}.Release R25|Any CPU.ActiveCfg = Release R25|Any CPU
		{1F555669-A90A-4F2B-A1AE-DA4F590D09DB}.Release R25|Any CPU.Build.0 = Release R25|Any CPU
		{1F555669-A90A-4F2B-A1AE-DA4F590D09DB}.Installer|Any CPU.ActiveCfg = Debug R20|Any CPU
		{1F555669-A90A-4F2B-A1AE-DA4F590D09DB}.Installer|Any CPU.Build.0 = Debug R20|Any CPU
		{CBD6E823-3AF6-49BA-A71D-615281526560}.Release R20|Any CPU.ActiveCfg = Release R20|Any CPU
		{CBD6E823-3AF6-49BA-A71D-615281526560}.Release R20|Any CPU.Build.0 = Release R20|Any CPU
		{CBD6E823-3AF6-49BA-A71D-615281526560}.Debug R21|Any CPU.ActiveCfg = Debug R21|Any CPU
		{CBD6E823-3AF6-49BA-A71D-615281526560}.Debug R21|Any CPU.Build.0 = Debug R21|Any CPU
		{CBD6E823-3AF6-49BA-A71D-615281526560}.Debug R20|Any CPU.ActiveCfg = Debug R20|Any CPU
		{CBD6E823-3AF6-49BA-A71D-615281526560}.Debug R20|Any CPU.Build.0 = Debug R20|Any CPU
		{CBD6E823-3AF6-49BA-A71D-615281526560}.Debug R22|Any CPU.ActiveCfg = Debug R22|Any CPU
		{CBD6E823-3AF6-49BA-A71D-615281526560}.Debug R22|Any CPU.Build.0 = Debug R22|Any CPU
		{CBD6E823-3AF6-49BA-A71D-615281526560}.Debug R23|Any CPU.ActiveCfg = Debug R23|Any CPU
		{CBD6E823-3AF6-49BA-A71D-615281526560}.Debug R23|Any CPU.Build.0 = Debug R23|Any CPU
		{CBD6E823-3AF6-49BA-A71D-615281526560}.Debug R24|Any CPU.ActiveCfg = Debug R24|Any CPU
		{CBD6E823-3AF6-49BA-A71D-615281526560}.Debug R24|Any CPU.Build.0 = Debug R24|Any CPU
		{CBD6E823-3AF6-49BA-A71D-615281526560}.Debug R25|Any CPU.ActiveCfg = Debug R25|Any CPU
		{CBD6E823-3AF6-49BA-A71D-615281526560}.Debug R25|Any CPU.Build.0 = Debug R25|Any CPU
		{CBD6E823-3AF6-49BA-A71D-615281526560}.Release R21|Any CPU.ActiveCfg = Release R21|Any CPU
		{CBD6E823-3AF6-49BA-A71D-615281526560}.Release R21|Any CPU.Build.0 = Release R21|Any CPU
		{CBD6E823-3AF6-49BA-A71D-615281526560}.Release R22|Any CPU.ActiveCfg = Release R22|Any CPU
		{CBD6E823-3AF6-49BA-A71D-615281526560}.Release R22|Any CPU.Build.0 = Release R22|Any CPU
		{CBD6E823-3AF6-49BA-A71D-615281526560}.Release R23|Any CPU.ActiveCfg = Release R23|Any CPU
		{CBD6E823-3AF6-49BA-A71D-615281526560}.Release R23|Any CPU.Build.0 = Release R23|Any CPU
		{CBD6E823-3AF6-49BA-A71D-615281526560}.Release R24|Any CPU.ActiveCfg = Release R24|Any CPU
		{CBD6E823-3AF6-49BA-A71D-615281526560}.Release R24|Any CPU.Build.0 = Release R24|Any CPU
		{CBD6E823-3AF6-49BA-A71D-615281526560}.Release R25|Any CPU.ActiveCfg = Release R25|Any CPU
		{CBD6E823-3AF6-49BA-A71D-615281526560}.Release R25|Any CPU.Build.0 = Release R25|Any CPU
		{CBD6E823-3AF6-49BA-A71D-615281526560}.Installer|Any CPU.ActiveCfg = Debug R20|Any CPU
		{CBD6E823-3AF6-49BA-A71D-615281526560}.Installer|Any CPU.Build.0 = Debug R20|Any CPU
		{6B490D90-B989-4F89-90D8-57D269959F87}.Release R20|Any CPU.ActiveCfg = Release R20|Any CPU
		{6B490D90-B989-4F89-90D8-57D269959F87}.Release R20|Any CPU.Build.0 = Release R20|Any CPU
		{6B490D90-B989-4F89-90D8-57D269959F87}.Debug R21|Any CPU.ActiveCfg = Debug R21|Any CPU
		{6B490D90-B989-4F89-90D8-57D269959F87}.Debug R21|Any CPU.Build.0 = Debug R21|Any CPU
		{6B490D90-B989-4F89-90D8-57D269959F87}.Debug R20|Any CPU.ActiveCfg = Debug R20|Any CPU
		{6B490D90-B989-4F89-90D8-57D269959F87}.Debug R20|Any CPU.Build.0 = Debug R20|Any CPU
		{6B490D90-B989-4F89-90D8-57D269959F87}.Debug R22|Any CPU.ActiveCfg = Debug R22|Any CPU
		{6B490D90-B989-4F89-90D8-57D269959F87}.Debug R22|Any CPU.Build.0 = Debug R22|Any CPU
		{6B490D90-B989-4F89-90D8-57D269959F87}.Debug R23|Any CPU.ActiveCfg = Debug R23|Any CPU
		{6B490D90-B989-4F89-90D8-57D269959F87}.Debug R23|Any CPU.Build.0 = Debug R23|Any CPU
		{6B490D90-B989-4F89-90D8-57D269959F87}.Debug R24|Any CPU.ActiveCfg = Debug R24|Any CPU
		{6B490D90-B989-4F89-90D8-57D269959F87}.Debug R24|Any CPU.Build.0 = Debug R24|Any CPU
		{6B490D90-B989-4F89-90D8-57D269959F87}.Debug R25|Any CPU.ActiveCfg = Debug R25|Any CPU
		{6B490D90-B989-4F89-90D8-57D269959F87}.Debug R25|Any CPU.Build.0 = Debug R25|Any CPU
		{6B490D90-B989-4F89-90D8-57D269959F87}.Release R21|Any CPU.ActiveCfg = Release R21|Any CPU
		{6B490D90-B989-4F89-90D8-57D269959F87}.Release R21|Any CPU.Build.0 = Release R21|Any CPU
		{6B490D90-B989-4F89-90D8-57D269959F87}.Release R22|Any CPU.ActiveCfg = Release R22|Any CPU
		{6B490D90-B989-4F89-90D8-57D269959F87}.Release R22|Any CPU.Build.0 = Release R22|Any CPU
		{6B490D90-B989-4F89-90D8-57D269959F87}.Release R23|Any CPU.ActiveCfg = Release R23|Any CPU
		{6B490D90-B989-4F89-90D8-57D269959F87}.Release R23|Any CPU.Build.0 = Release R23|Any CPU
		{6B490D90-B989-4F89-90D8-57D269959F87}.Release R24|Any CPU.ActiveCfg = Release R24|Any CPU
		{6B490D90-B989-4F89-90D8-57D269959F87}.Release R24|Any CPU.Build.0 = Release R24|Any CPU
		{6B490D90-B989-4F89-90D8-57D269959F87}.Release R25|Any CPU.ActiveCfg = Release R25|Any CPU
		{6B490D90-B989-4F89-90D8-57D269959F87}.Release R25|Any CPU.Build.0 = Release R25|Any CPU
		{6B490D90-B989-4F89-90D8-57D269959F87}.Installer|Any CPU.ActiveCfg = Debug R20|Any CPU
		{6B490D90-B989-4F89-90D8-57D269959F87}.Installer|Any CPU.Build.0 = Debug R20|Any CPU
	EndGlobalSection
EndGlobal
